
Microsoft Visual Studio Solution File, Format Version 12.00
# Visual Studio Version 16
VisualStudioVersion = 16.0.31729.503
MinimumVisualStudioVersion = 10.0.40219.1
Project("{FAE04EC0-301F-11D3-BF4B-00C04F79EFBC}") = "Занятие5WpfApp", "Занятие5WpfApp\Занятие5WpfApp.csproj", "{9F770A02-C9CD-4F00-93EA-72D98E72A795}"
EndProject
Project("{FAE04EC0-301F-11D3-BF4B-00C04F79EFBC}") = "Графический редактор", "Графический редактор\Графический редактор.csproj", "{FE5D15F5-24A7-4AE9-9FFC-E43BC9C3626C}"
EndProject
Global
	GlobalSection(SolutionConfigurationPlatforms) = preSolution
		Debug|Any CPU = Debug|Any CPU
		Release|Any CPU = Release|Any CPU
	EndGlobalSection
	GlobalSection(ProjectConfigurationPlatforms) = postSolution
		{9F770A02-C9CD-4F00-93EA-72D98E72A795}.Debug|Any CPU.ActiveCfg = Debug|Any CPU
		{9F770A02-C9CD-4F00-93EA-72D98E72A795}.Debug|Any CPU.Build.0 = Debug|Any CPU
		{9F770A02-C9CD-4F00-93EA-72D98E72A795}.Release|Any CPU.ActiveCfg = Release|Any CPU
		{9F770A02-C9CD-4F00-93EA-72D98E72A795}.Release|Any CPU.Build.0 = Release|Any CPU
		{FE5D15F5-24A7-4AE9-9FFC-E43BC9C3626C}.Debug|Any CPU.ActiveCfg = Debug|Any CPU
		{FE5D15F5-24A7-4AE9-9FFC-E43BC9C3626C}.Debug|Any CPU.Build.0 = Debug|Any CPU
		{FE5D15F5-24A7-4AE9-9FFC-E43BC9C3626C}.Release|Any CPU.ActiveCfg = Release|Any CPU
		{FE5D15F5-24A7-4AE9-9FFC-E43BC9C3626C}.Release|Any CPU.Build.0 = Release|Any CPU
	EndGlobalSection
	GlobalSection(SolutionProperties) = preSolution
		HideSolutionNode = FALSE
	EndGlobalSection
	GlobalSection(ExtensibilityGlobals) = postSolution
		SolutionGuid = {81D76472-2693-426E-934C-A7B413F43381}
	EndGlobalSection
EndGlobal
